
Microsoft Visual Studio Solution File, Format Version 12.00
# Visual Studio Version 16
VisualStudioVersion = 16.0.30011.22
MinimumVisualStudioVersion = 10.0.40219.1
Project("{FAE04EC0-301F-11D3-BF4B-00C04F79EFBC}") = "Balls", "Balls.csproj", "{C90042C0-C504-4139-B337-03456BA28FEA}"
EndProject
Global
	GlobalSection(SolutionConfigurationPlatforms) = preSolution
		Debug|Any CPU = Debug|Any CPU
		Release|Any CPU = Release|Any CPU
	EndGlobalSection
	GlobalSection(ProjectConfigurationPlatforms) = postSolution
		{C90042C0-C504-4139-B337-03456BA28FEA}.Debug|Any CPU.ActiveCfg = Debug|Any CPU
		{C90042C0-C504-4139-B337-03456BA28FEA}.Debug|Any CPU.Build.0 = Debug|Any CPU
		{C90042C0-C504-4139-B337-03456BA28FEA}.Release|Any CPU.ActiveCfg = Release|Any CPU
		{C90042C0-C504-4139-B337-03456BA28FEA}.Release|Any CPU.Build.0 = Release|Any CPU
	EndGlobalSection
	GlobalSection(SolutionProperties) = preSolution
		HideSolutionNode = FALSE
	EndGlobalSection
	GlobalSection(ExtensibilityGlobals) = postSolution
		SolutionGuid = {F211D72D-4216-448E-B429-F6D64FC43390}
	EndGlobalSection
EndGlobal
